
Microsoft Visual Studio Solution File, Format Version 12.00
# Visual Studio Version 16
VisualStudioVersion = 16.0.30717.126
MinimumVisualStudioVersion = 15.0.26124.0
Project("{9A19103F-16F7-4668-BE54-9A1E7A4F7556}") = "esdb-docker", "esdb-docker\esdb-docker.csproj", "{2EEB028C-2E15-48A9-8F04-F2E542762A51}"
EndProject
Global
	GlobalSection(SolutionConfigurationPlatforms) = preSolution
		Debug|Any CPU = Debug|Any CPU
		Debug|x64 = Debug|x64
		Debug|x86 = Debug|x86
		Release|Any CPU = Release|Any CPU
		Release|x64 = Release|x64
		Release|x86 = Release|x86
	EndGlobalSection
	GlobalSection(ProjectConfigurationPlatforms) = postSolution
		{2EEB028C-2E15-48A9-8F04-F2E542762A51}.Debug|Any CPU.ActiveCfg = Debug|Any CPU
		{2EEB028C-2E15-48A9-8F04-F2E542762A51}.Debug|Any CPU.Build.0 = Debug|Any CPU
		{2EEB028C-2E15-48A9-8F04-F2E542762A51}.Debug|x64.ActiveCfg = Debug|Any CPU
		{2EEB028C-2E15-48A9-8F04-F2E542762A51}.Debug|x64.Build.0 = Debug|Any CPU
		{2EEB028C-2E15-48A9-8F04-F2E542762A51}.Debug|x86.ActiveCfg = Debug|Any CPU
		{2EEB028C-2E15-48A9-8F04-F2E542762A51}.Debug|x86.Build.0 = Debug|Any CPU
		{2EEB028C-2E15-48A9-8F04-F2E542762A51}.Release|Any CPU.ActiveCfg = Release|Any CPU
		{2EEB028C-2E15-48A9-8F04-F2E542762A51}.Release|Any CPU.Build.0 = Release|Any CPU
		{2EEB028C-2E15-48A9-8F04-F2E542762A51}.Release|x64.ActiveCfg = Release|Any CPU
		{2EEB028C-2E15-48A9-8F04-F2E542762A51}.Release|x64.Build.0 = Release|Any CPU
		{2EEB028C-2E15-48A9-8F04-F2E542762A51}.Release|x86.ActiveCfg = Release|Any CPU
		{2EEB028C-2E15-48A9-8F04-F2E542762A51}.Release|x86.Build.0 = Release|Any CPU
	EndGlobalSection
	GlobalSection(SolutionProperties) = preSolution
		HideSolutionNode = FALSE
	EndGlobalSection
	GlobalSection(ExtensibilityGlobals) = postSolution
		SolutionGuid = {3BC5709D-C874-4C2B-8E69-82293BB151DB}
	EndGlobalSection
EndGlobal
